PODS:
  - albumsaver (0.0.1):
    - Flutter
  - Flutter (1.0.0)

DEPENDENCIES:
  - albumsaver (from `.symlinks/plugins/albumsaver/ios`)
  - Flutter (from `Flutter`)

EXTERNAL SOURCES:
  albumsaver:
    :path: ".symlinks/plugins/albumsaver/ios"
  Flutter:
    :path: Flutter

SPEC CHECKSUMS:
  albumsaver: 32a103f5396d64d7a96330c5e86f552d411a6df1
  Flutter: 0e3d915762c693b495b44d77113d4970485de6ec

PODFILE CHECKSUM: f32fb4e7c14f8b3ca19a369d7be425dd9241af27

COCOAPODS: 1.9.1
